<?xml version="1.0" encoding="utf-8"?>
<Project ToolsVersion="4.0" xmlns="http://schemas.microsoft.com/developer/msbuild/2003">
  <ItemGroup>
    <Filter Include="Header Files">
      <UniqueIdentifier>{37a3f94b-6e6d-4aa8-acad-f84d71f06c5a}</UniqueIdentifier>
    </Filter>
    <Filter Include="Source Files">
      <UniqueIdentifier>{7cabc2ab-1560-4203-86c8-bee5a3063d98}</UniqueIdentifier>
    </Filter>
    <Filter Include="Make Files">
      <UniqueIdentifier>{a50af6b2-6ad4-4381-a90d-291ad63ec12b}</UniqueIdentifier>
    </Filter>
  </ItemGroup>
  <ItemGroup>
    <None Include="makefile">
      <Filter>Make Files</Filter>
    </None>
    <None Include="makefile.linux">
      <Filter>Make Files</Filter>
    </None>
    <None Include="makefile.mac">
      <Filter>Make Files</Filter>
    </None>
    <None Include="makefile.win">
      <Filter>Make Files</Filter>
    </None>
  </ItemGroup>
  <ItemGroup>
    <ClInclude Include="include\chugin.h">
      <Filter>Header Files</Filter>
    </ClInclude>
    <ClInclude Include="include\ABFormat.h">
      <Filter>Header Files</Filter>
    </ClInclude>
  </ItemGroup>
  <ItemGroup>
    <ClCompile Include="src\ABFormat.cpp">
      <Filter>Source Files</Filter>
    </ClCompile>
  </ItemGroup>
</Project>