<?xml version="1.0" encoding="utf-8"?>
<Project ToolsVersion="4.0" xmlns="http://schemas.microsoft.com/developer/msbuild/2003">
  <ItemGroup>
    <Filter Include="Source Files">
      <UniqueIdentifier>{a48249dd-3e1c-4a00-aa74-855fbe128e08}</UniqueIdentifier>
    </Filter>
    <Filter Include="Header Files">
      <UniqueIdentifier>{b2e935f0-0ff6-466c-94b0-9b8bd9d2d874}</UniqueIdentifier>
    </Filter>
  </ItemGroup>
  <ItemGroup>
    <ClCompile Include="Mirror.cpp">
      <Filter>Source Files</Filter>
    </ClCompile>
  </ItemGroup>
  <ItemGroup>
    <ClInclude Include="include\chugin.h">
      <Filter>Header Files</Filter>
    </ClInclude>
    <ClInclude Include="c-Mirror.h">
      <Filter>Header Files</Filter>
    </ClInclude>
  </ItemGroup>
</Project>