<?xml version="1.0" encoding="utf-8"?>
<Project ToolsVersion="4.0" xmlns="http://schemas.microsoft.com/developer/msbuild/2003">
  <ItemGroup>
    <ClInclude Include="include\chuckSH.h">
      <Filter>Header Files</Filter>
    </ClInclude>
    <ClInclude Include="include\Encode.h">
      <Filter>Header Files</Filter>
    </ClInclude>
    <ClInclude Include="include\SHCT.h">
      <Filter>Header Files</Filter>
    </ClInclude>
    <ClInclude Include="include\chugin.h">
      <Filter>Header Files</Filter>
    </ClInclude>
  </ItemGroup>
  <ItemGroup>
    <Filter Include="Header Files">
      <UniqueIdentifier>{72a3b015-40af-48f2-bb0b-653de03e5e5e}</UniqueIdentifier>
    </Filter>
    <Filter Include="Source Files">
      <UniqueIdentifier>{017dfa61-8760-499f-aa3e-65b8e0cd27b5}</UniqueIdentifier>
    </Filter>
  </ItemGroup>
  <ItemGroup>
    <ClCompile Include="src\Encode.cpp">
      <Filter>Source Files</Filter>
    </ClCompile>
  </ItemGroup>
</Project>