<?xml version="1.0" encoding="utf-8"?>
<Project ToolsVersion="4.0" xmlns="http://schemas.microsoft.com/developer/msbuild/2003">
  <ItemGroup>
    <Filter Include="Header Files">
      <UniqueIdentifier>{ee7b7415-97d3-4f30-b48c-f02547fa3dd0}</UniqueIdentifier>
    </Filter>
    <Filter Include="Source Files">
      <UniqueIdentifier>{30c463d0-cff6-4887-8d4a-3813e3a270bd}</UniqueIdentifier>
    </Filter>
  </ItemGroup>
  <ItemGroup>
    <ClInclude Include="include\chugin.h">
      <Filter>Header Files</Filter>
    </ClInclude>
    <ClInclude Include="include\PsuedoInverse.h">
      <Filter>Header Files</Filter>
    </ClInclude>
    <ClInclude Include="include\SHCT.h">
      <Filter>Header Files</Filter>
    </ClInclude>
    <ClInclude Include="include\SADN.h">
      <Filter>Header Files</Filter>
    </ClInclude>
    <ClInclude Include="include\DecoderBase.h">
      <Filter>Header Files</Filter>
    </ClInclude>
    <ClInclude Include="include\chuckSH.h">
      <Filter>Header Files</Filter>
    </ClInclude>
  </ItemGroup>
  <ItemGroup>
    <ClCompile Include="src\SADN.cpp">
      <Filter>Source Files</Filter>
    </ClCompile>
  </ItemGroup>
</Project>